
Microsoft Visual Studio Solution File, Format Version 12.00
# Visual Studio Version 17
VisualStudioVersion = 17.8.34511.84
MinimumVisualStudioVersion = 10.0.40219.1
Project("{FAE04EC0-301F-11D3-BF4B-00C04F79EFBC}") = "CourseManagementSystem", "CourseManagementSystem\CourseManagementSystem.csproj", "{75333B73-1DFE-4C17-ADF1-A41971B8FCA0}"
EndProject
Project("{FAE04EC0-301F-11D3-BF4B-00C04F79EFBC}") = "CourseManagementSystemHost", "CourseManagementSystemHost\CourseManagementSystemHost.csproj", "{D4FCA5A0-0DEA-43BA-822B-264C80C9653F}"
EndProject
Project("{FAE04EC0-301F-11D3-BF4B-00C04F79EFBC}") = "CourseManagementSystemClient", "CourseManagementSystemClient\CourseManagementSystemClient.csproj", "{2A50E617-FEEE-4234-9D07-45003E375235}"
	ProjectSection(ProjectDependencies) = postProject
		{75333B73-1DFE-4C17-ADF1-A41971B8FCA0} = {75333B73-1DFE-4C17-ADF1-A41971B8FCA0}
	EndProjectSection
EndProject
Project("{FAE04EC0-301F-11D3-BF4B-00C04F79EFBC}") = "CourseManagementSystemClientApplication", "CourseManagementSystemClientApplication\CourseManagementSystemClientApplication.csproj", "{3DB7A309-C4FC-4860-A209-E0D8B08E513E}"
	ProjectSection(ProjectDependencies) = postProject
		{75333B73-1DFE-4C17-ADF1-A41971B8FCA0} = {75333B73-1DFE-4C17-ADF1-A41971B8FCA0}
	EndProjectSection
EndProject
Global
	GlobalSection(SolutionConfigurationPlatforms) = preSolution
		Debug|Any CPU = Debug|Any CPU
		Release|Any CPU = Release|Any CPU
	EndGlobalSection
	GlobalSection(ProjectConfigurationPlatforms) = postSolution
		{75333B73-1DFE-4C17-ADF1-A41971B8FCA0}.Debug|Any CPU.ActiveCfg = Debug|Any CPU
		{75333B73-1DFE-4C17-ADF1-A41971B8FCA0}.Debug|Any CPU.Build.0 = Debug|Any CPU
		{75333B73-1DFE-4C17-ADF1-A41971B8FCA0}.Release|Any CPU.ActiveCfg = Release|Any CPU
		{75333B73-1DFE-4C17-ADF1-A41971B8FCA0}.Release|Any CPU.Build.0 = Release|Any CPU
		{D4FCA5A0-0DEA-43BA-822B-264C80C9653F}.Debug|Any CPU.ActiveCfg = Debug|Any CPU
		{D4FCA5A0-0DEA-43BA-822B-264C80C9653F}.Debug|Any CPU.Build.0 = Debug|Any CPU
		{D4FCA5A0-0DEA-43BA-822B-264C80C9653F}.Release|Any CPU.ActiveCfg = Release|Any CPU
		{D4FCA5A0-0DEA-43BA-822B-264C80C9653F}.Release|Any CPU.Build.0 = Release|Any CPU
		{2A50E617-FEEE-4234-9D07-45003E375235}.Debug|Any CPU.ActiveCfg = Debug|Any CPU
		{2A50E617-FEEE-4234-9D07-45003E375235}.Debug|Any CPU.Build.0 = Debug|Any CPU
		{2A50E617-FEEE-4234-9D07-45003E375235}.Release|Any CPU.ActiveCfg = Release|Any CPU
		{2A50E617-FEEE-4234-9D07-45003E375235}.Release|Any CPU.Build.0 = Release|Any CPU
		{3DB7A309-C4FC-4860-A209-E0D8B08E513E}.Debug|Any CPU.ActiveCfg = Debug|Any CPU
		{3DB7A309-C4FC-4860-A209-E0D8B08E513E}.Debug|Any CPU.Build.0 = Debug|Any CPU
		{3DB7A309-C4FC-4860-A209-E0D8B08E513E}.Release|Any CPU.ActiveCfg = Release|Any CPU
		{3DB7A309-C4FC-4860-A209-E0D8B08E513E}.Release|Any CPU.Build.0 = Release|Any CPU
	EndGlobalSection
	GlobalSection(SolutionProperties) = preSolution
		HideSolutionNode = FALSE
	EndGlobalSection
	GlobalSection(ExtensibilityGlobals) = postSolution
		SolutionGuid = {EE0BF0F2-04EA-4ED0-8AF2-8FF21D95B1C4}
	EndGlobalSection
EndGlobal
